{
  "requires": true,
  "lockfileVersion": 1,
  "dependencies": {
    "vue-ckeditor2": {
      "version": "1.25.0",
      "resolved": "https://registry.npmjs.org/vue-ckeditor2/-/vue-ckeditor2-1.25.0.tgz",
      "integrity": "sha512-+ZuXt+YATZ42lvbq2T9T9NT047zQQNO+uFHOx62sMc6eAQ0pFxPSlAoWL6Iwe7watrvv9DiSmTxcL9dRMzaUEQ=="
    }
  }
}
